
Microsoft Visual Studio Solution File, Format Version 12.00
# Visual Studio Version 17
VisualStudioVersion = 17.1.32228.430
MinimumVisualStudioVersion = 10.0.40219.1
Project("{FAE04EC0-301F-11D3-BF4B-00C04F79EFBC}") = "HumanUI", "humanui\HumanUI\HumanUI\HumanUI.csproj", "{C04DC96E-280E-42F1-A776-0079ACD5E8F9}"
EndProject
Project("{FAE04EC0-301F-11D3-BF4B-00C04F79EFBC}") = "HumanUIBaseApp", "humanui\HumanUIBaseApp\HumanUIBaseApp\HumanUIBaseApp.csproj", "{CF0CF29B-B13D-485F-98AD-727A4E2736C7}"
EndProject
Project("{FAE04EC0-301F-11D3-BF4B-00C04F79EFBC}") = "WpfApp", "WpfApp\WpfApp.csproj", "{16FE23BE-D578-43A4-A6C2-0722E7B05D96}"
EndProject
Global
	GlobalSection(SolutionConfigurationPlatforms) = preSolution
		Debug|Any CPU = Debug|Any CPU
		Debug|x64 = Debug|x64
		Release|Any CPU = Release|Any CPU
		Release|x64 = Release|x64
	EndGlobalSection
	GlobalSection(ProjectConfigurationPlatforms) = postSolution
		{C04DC96E-280E-42F1-A776-0079ACD5E8F9}.Debug|Any CPU.ActiveCfg = Debug|Any CPU
		{C04DC96E-280E-42F1-A776-0079ACD5E8F9}.Debug|Any CPU.Build.0 = Debug|Any CPU
		{C04DC96E-280E-42F1-A776-0079ACD5E8F9}.Debug|x64.ActiveCfg = Debug|Any CPU
		{C04DC96E-280E-42F1-A776-0079ACD5E8F9}.Debug|x64.Build.0 = Debug|Any CPU
		{C04DC96E-280E-42F1-A776-0079ACD5E8F9}.Release|Any CPU.ActiveCfg = Debug|Any CPU
		{C04DC96E-280E-42F1-A776-0079ACD5E8F9}.Release|Any CPU.Build.0 = Debug|Any CPU
		{C04DC96E-280E-42F1-A776-0079ACD5E8F9}.Release|x64.ActiveCfg = Release|Any CPU
		{C04DC96E-280E-42F1-A776-0079ACD5E8F9}.Release|x64.Build.0 = Release|Any CPU
		{CF0CF29B-B13D-485F-98AD-727A4E2736C7}.Debug|Any CPU.ActiveCfg = Debug|Any CPU
		{CF0CF29B-B13D-485F-98AD-727A4E2736C7}.Debug|Any CPU.Build.0 = Debug|Any CPU
		{CF0CF29B-B13D-485F-98AD-727A4E2736C7}.Debug|x64.ActiveCfg = Debug|Any CPU
		{CF0CF29B-B13D-485F-98AD-727A4E2736C7}.Release|Any CPU.ActiveCfg = Release|Any CPU
		{CF0CF29B-B13D-485F-98AD-727A4E2736C7}.Release|Any CPU.Build.0 = Release|Any CPU
		{CF0CF29B-B13D-485F-98AD-727A4E2736C7}.Release|x64.ActiveCfg = Release|Any CPU
		{16FE23BE-D578-43A4-A6C2-0722E7B05D96}.Debug|Any CPU.ActiveCfg = Debug|Any CPU
		{16FE23BE-D578-43A4-A6C2-0722E7B05D96}.Debug|Any CPU.Build.0 = Debug|Any CPU
		{16FE23BE-D578-43A4-A6C2-0722E7B05D96}.Debug|x64.ActiveCfg = Debug|Any CPU
		{16FE23BE-D578-43A4-A6C2-0722E7B05D96}.Debug|x64.Build.0 = Debug|Any CPU
		{16FE23BE-D578-43A4-A6C2-0722E7B05D96}.Release|Any CPU.ActiveCfg = Release|Any CPU
		{16FE23BE-D578-43A4-A6C2-0722E7B05D96}.Release|Any CPU.Build.0 = Release|Any CPU
		{16FE23BE-D578-43A4-A6C2-0722E7B05D96}.Release|x64.ActiveCfg = Release|Any CPU
		{16FE23BE-D578-43A4-A6C2-0722E7B05D96}.Release|x64.Build.0 = Release|Any CPU
	EndGlobalSection
	GlobalSection(SolutionProperties) = preSolution
		HideSolutionNode = FALSE
	EndGlobalSection
	GlobalSection(ExtensibilityGlobals) = postSolution
		SolutionGuid = {7F586722-01D2-48C4-B38A-DD1D2CD0B7D1}
	EndGlobalSection
EndGlobal
